{
  "name": "contracts",
  "lockfileVersion": 3,
  "requires": true,
  "packages": {
    "": {
      "devDependencies": {
        "@gelatonetwork/relay-context": "^4.1.0"
      }
    },
    "node_modules/@gelatonetwork/relay-context": {
      "version": "4.1.0",
      "resolved": "https://registry.npmjs.org/@gelatonetwork/relay-context/-/relay-context-4.1.0.tgz",
      "integrity": "sha512-I1dc36eVa8YMOTalkjAgQCcudxx6X5ywqkqO38gkzBjmnuCzGK9mFpifCP32g5xIQApwveItznXS1cgiOkCjpg==",
      "dev": true,
      "dependencies": {
        "@openzeppelin/contracts": "4.9.3"
      },
      "engines": {
        "node": ">=16.15.1",
        "npm": ">=7.0.0"
      }
    },
    "node_modules/@openzeppelin/contracts": {
      "version": "4.9.3",
      "resolved": "https://registry.npmjs.org/@openzeppelin/contracts/-/contracts-4.9.3.tgz",
      "integrity": "sha512-He3LieZ1pP2TNt5JbkPA4PNT9WC3gOTOlDcFGJW4Le4QKqwmiNJCRt44APfxMxvq7OugU/cqYuPcSBzOw38DAg==",
      "dev": true
    }
  }
}
